
Microsoft Visual Studio Solution File, Format Version 12.00
# Visual Studio Version 17
VisualStudioVersion = 17.7.34031.279
MinimumVisualStudioVersion = 10.0.40219.1
Project("{9A19103F-16F7-4668-BE54-9A1E7A4F7556}") = "WebhookCamAi", "WebhookCamAi\WebhookCamAi.csproj", "{87D6B51C-7B15-4192-BE8A-7A3FB9E4324C}"
EndProject
Project("{9A19103F-16F7-4668-BE54-9A1E7A4F7556}") = "svInsertData", "svInsertData\svInsertData.csproj", "{8DBE1A7F-4BD4-4A45-8B13-5EA3CCD7619C}"
EndProject
Project("{2150E333-8FDC-42A3-9474-1A3956D46DE8}") = "Solution Items", "Solution Items", "{E209E059-2D84-45C4-8EB1-305EA51B4316}"
	ProjectSection(SolutionItems) = preProject
		README.md = README.md
	EndProjectSection
EndProject
Project("{FAE04EC0-301F-11D3-BF4B-00C04F79EFBC}") = "Infra", "Infra\Infra.csproj", "{5B25CF71-ECD0-4C72-9D8E-216D587E43BF}"
EndProject
Global
	GlobalSection(SolutionConfigurationPlatforms) = preSolution
		Debug|Any CPU = Debug|Any CPU
		Release|Any CPU = Release|Any CPU
	EndGlobalSection
	GlobalSection(ProjectConfigurationPlatforms) = postSolution
		{87D6B51C-7B15-4192-BE8A-7A3FB9E4324C}.Debug|Any CPU.ActiveCfg = Debug|Any CPU
		{87D6B51C-7B15-4192-BE8A-7A3FB9E4324C}.Debug|Any CPU.Build.0 = Debug|Any CPU
		{87D6B51C-7B15-4192-BE8A-7A3FB9E4324C}.Release|Any CPU.ActiveCfg = Release|Any CPU
		{87D6B51C-7B15-4192-BE8A-7A3FB9E4324C}.Release|Any CPU.Build.0 = Release|Any CPU
		{8DBE1A7F-4BD4-4A45-8B13-5EA3CCD7619C}.Debug|Any CPU.ActiveCfg = Debug|Any CPU
		{8DBE1A7F-4BD4-4A45-8B13-5EA3CCD7619C}.Debug|Any CPU.Build.0 = Debug|Any CPU
		{8DBE1A7F-4BD4-4A45-8B13-5EA3CCD7619C}.Release|Any CPU.ActiveCfg = Release|Any CPU
		{8DBE1A7F-4BD4-4A45-8B13-5EA3CCD7619C}.Release|Any CPU.Build.0 = Release|Any CPU
		{5B25CF71-ECD0-4C72-9D8E-216D587E43BF}.Debug|Any CPU.ActiveCfg = Debug|Any CPU
		{5B25CF71-ECD0-4C72-9D8E-216D587E43BF}.Debug|Any CPU.Build.0 = Debug|Any CPU
		{5B25CF71-ECD0-4C72-9D8E-216D587E43BF}.Release|Any CPU.ActiveCfg = Release|Any CPU
		{5B25CF71-ECD0-4C72-9D8E-216D587E43BF}.Release|Any CPU.Build.0 = Release|Any CPU
	EndGlobalSection
	GlobalSection(SolutionProperties) = preSolution
		HideSolutionNode = FALSE
	EndGlobalSection
	GlobalSection(ExtensibilityGlobals) = postSolution
		SolutionGuid = {C04F9916-97B4-4BA0-A442-976B92B0089C}
	EndGlobalSection
EndGlobal
