
Microsoft Visual Studio Solution File, Format Version 12.00
# Visual Studio Version 17
VisualStudioVersion = 17.7.34031.279
MinimumVisualStudioVersion = 10.0.40219.1
Project("{9A19103F-16F7-4668-BE54-9A1E7A4F7556}") = "WebhookCamAi", "WebhookCamAi.csproj", "{C0CD86AF-7FFA-405D-BB13-77BBBA895A17}"
EndProject
Project("{FAE04EC0-301F-11D3-BF4B-00C04F79EFBC}") = "svInsertData", "svInsertData\svInsertData.csproj", "{010A2703-D4A8-4530-8ECB-C6BC651ED2B3}"
EndProject
Global
	GlobalSection(SolutionConfigurationPlatforms) = preSolution
		Debug|Any CPU = Debug|Any CPU
		Release|Any CPU = Release|Any CPU
	EndGlobalSection
	GlobalSection(ProjectConfigurationPlatforms) = postSolution
		{C0CD86AF-7FFA-405D-BB13-77BBBA895A17}.Debug|Any CPU.ActiveCfg = Debug|Any CPU
		{C0CD86AF-7FFA-405D-BB13-77BBBA895A17}.Debug|Any CPU.Build.0 = Debug|Any CPU
		{C0CD86AF-7FFA-405D-BB13-77BBBA895A17}.Release|Any CPU.ActiveCfg = Release|Any CPU
		{C0CD86AF-7FFA-405D-BB13-77BBBA895A17}.Release|Any CPU.Build.0 = Release|Any CPU
		{010A2703-D4A8-4530-8ECB-C6BC651ED2B3}.Debug|Any CPU.ActiveCfg = Debug|Any CPU
		{010A2703-D4A8-4530-8ECB-C6BC651ED2B3}.Debug|Any CPU.Build.0 = Debug|Any CPU
		{010A2703-D4A8-4530-8ECB-C6BC651ED2B3}.Release|Any CPU.ActiveCfg = Release|Any CPU
		{010A2703-D4A8-4530-8ECB-C6BC651ED2B3}.Release|Any CPU.Build.0 = Release|Any CPU
	EndGlobalSection
	GlobalSection(SolutionProperties) = preSolution
		HideSolutionNode = FALSE
	EndGlobalSection
	GlobalSection(ExtensibilityGlobals) = postSolution
		SolutionGuid = {10843287-D633-457D-9F34-2420988E8352}
	EndGlobalSection
EndGlobal
